
Microsoft Visual Studio Solution File, Format Version 12.00
# Visual Studio Version 17
VisualStudioVersion = 17.5.33502.453
MinimumVisualStudioVersion = 10.0.40219.1
Project("{FAE04EC0-301F-11D3-BF4B-00C04F79EFBC}") = "RoadRiderClient", "RoadRiderClient\RoadRiderClient.csproj", "{BA9B6309-36DE-4F99-8E37-DA5FED19B1A2}"
EndProject
Global
	GlobalSection(SolutionConfigurationPlatforms) = preSolution
		Debug|ARM = Debug|ARM
		Debug|ARM64 = Debug|ARM64
		Debug|x64 = Debug|x64
		Debug|x86 = Debug|x86
		Release|ARM = Release|ARM
		Release|ARM64 = Release|ARM64
		Release|x64 = Release|x64
		Release|x86 = Release|x86
	EndGlobalSection
	GlobalSection(ProjectConfigurationPlatforms) = postSolution
		{BA9B6309-36DE-4F99-8E37-DA5FED19B1A2}.Debug|ARM.ActiveCfg = Debug|ARM
		{BA9B6309-36DE-4F99-8E37-DA5FED19B1A2}.Debug|ARM.Build.0 = Debug|ARM
		{BA9B6309-36DE-4F99-8E37-DA5FED19B1A2}.Debug|ARM.Deploy.0 = Debug|ARM
		{BA9B6309-36DE-4F99-8E37-DA5FED19B1A2}.Debug|ARM64.ActiveCfg = Debug|ARM64
		{BA9B6309-36DE-4F99-8E37-DA5FED19B1A2}.Debug|ARM64.Build.0 = Debug|ARM64
		{BA9B6309-36DE-4F99-8E37-DA5FED19B1A2}.Debug|ARM64.Deploy.0 = Debug|ARM64
		{BA9B6309-36DE-4F99-8E37-DA5FED19B1A2}.Debug|x64.ActiveCfg = Debug|x64
		{BA9B6309-36DE-4F99-8E37-DA5FED19B1A2}.Debug|x64.Build.0 = Debug|x64
		{BA9B6309-36DE-4F99-8E37-DA5FED19B1A2}.Debug|x64.Deploy.0 = Debug|x64
		{BA9B6309-36DE-4F99-8E37-DA5FED19B1A2}.Debug|x86.ActiveCfg = Debug|x86
		{BA9B6309-36DE-4F99-8E37-DA5FED19B1A2}.Debug|x86.Build.0 = Debug|x86
		{BA9B6309-36DE-4F99-8E37-DA5FED19B1A2}.Debug|x86.Deploy.0 = Debug|x86
		{BA9B6309-36DE-4F99-8E37-DA5FED19B1A2}.Release|ARM.ActiveCfg = Release|ARM
		{BA9B6309-36DE-4F99-8E37-DA5FED19B1A2}.Release|ARM.Build.0 = Release|ARM
		{BA9B6309-36DE-4F99-8E37-DA5FED19B1A2}.Release|ARM.Deploy.0 = Release|ARM
		{BA9B6309-36DE-4F99-8E37-DA5FED19B1A2}.Release|ARM64.ActiveCfg = Release|ARM64
		{BA9B6309-36DE-4F99-8E37-DA5FED19B1A2}.Release|ARM64.Build.0 = Release|ARM64
		{BA9B6309-36DE-4F99-8E37-DA5FED19B1A2}.Release|ARM64.Deploy.0 = Release|ARM64
		{BA9B6309-36DE-4F99-8E37-DA5FED19B1A2}.Release|x64.ActiveCfg = Release|x64
		{BA9B6309-36DE-4F99-8E37-DA5FED19B1A2}.Release|x64.Build.0 = Release|x64
		{BA9B6309-36DE-4F99-8E37-DA5FED19B1A2}.Release|x64.Deploy.0 = Release|x64
		{BA9B6309-36DE-4F99-8E37-DA5FED19B1A2}.Release|x86.ActiveCfg = Release|x86
		{BA9B6309-36DE-4F99-8E37-DA5FED19B1A2}.Release|x86.Build.0 = Release|x86
		{BA9B6309-36DE-4F99-8E37-DA5FED19B1A2}.Release|x86.Deploy.0 = Release|x86
	EndGlobalSection
	GlobalSection(SolutionProperties) = preSolution
		HideSolutionNode = FALSE
	EndGlobalSection
	GlobalSection(ExtensibilityGlobals) = postSolution
		SolutionGuid = {0A81BC14-8B3F-43BB-939A-07A34D4F3661}
	EndGlobalSection
EndGlobal
